
Microsoft Visual Studio Solution File, Format Version 12.00
# Visual Studio Version 16
VisualStudioVersion = 25.0.1704.0
MinimumVisualStudioVersion = 10.0.40219.1
Project("{FAE04EC0-301F-11D3-BF4B-00C04F79EFBC}") = "AOC-Day-1", "AOC-Day-1\AOC-Day-1.csproj", "{0D129174-62AE-4DD7-BCAC-CEB4F09DD346}"
EndProject
Project("{FAE04EC0-301F-11D3-BF4B-00C04F79EFBC}") = "AOC-Day-2", "AOC-Day-2\AOC-Day-2.csproj", "{EB4C4C1F-AC53-4099-929D-AD36ABE63AC8}"
EndProject
Project("{FAE04EC0-301F-11D3-BF4B-00C04F79EFBC}") = "AOC-Day-3", "AOC-Day-3\AOC-Day-3.csproj", "{2A4A0D9F-1420-4555-8538-ACCE8D4C6890}"
EndProject
Project("{FAE04EC0-301F-11D3-BF4B-00C04F79EFBC}") = "AOC-Day-4", "AOC-Day-4\AOC-Day-4.csproj", "{239CA657-BFA0-41A3-A473-907570D1981E}"
EndProject
Project("{FAE04EC0-301F-11D3-BF4B-00C04F79EFBC}") = "AOC-Day-5", "AOC-Day-5\AOC-Day-5.csproj", "{DECD8C72-80E1-4E49-A289-60F026D028CF}"
EndProject
Project("{FAE04EC0-301F-11D3-BF4B-00C04F79EFBC}") = "AOC-Day-6", "AOC-Day-6\AOC-Day-6.csproj", "{056FB519-ABB8-44D2-AA95-C5AAD8671E04}"
EndProject
Project("{FAE04EC0-301F-11D3-BF4B-00C04F79EFBC}") = "AOC-Day-7", "AOC-Day-7\AOC-Day-7.csproj", "{2E3DCF0F-ED39-479C-9404-490EE6877994}"
EndProject
Project("{FAE04EC0-301F-11D3-BF4B-00C04F79EFBC}") = "AOC-Day-8", "AOC-Day-8\AOC-Day-8.csproj", "{7952E51B-0D12-4E00-93D5-1444B96B719B}"
EndProject
Project("{FAE04EC0-301F-11D3-BF4B-00C04F79EFBC}") = "AOC-Day-9", "AOC-Day-9\AOC-Day-9.csproj", "{B64A8320-F3B0-4E32-B0DB-368868A3F3D1}"
EndProject
Project("{FAE04EC0-301F-11D3-BF4B-00C04F79EFBC}") = "AOC-Day-10", "AOC-Day-10\AOC-Day-10.csproj", "{76063519-8DBA-4908-B91C-E0E33613C68A}"
EndProject
Project("{FAE04EC0-301F-11D3-BF4B-00C04F79EFBC}") = "AOC-Day-11", "AOC-Day-11\AOC-Day-11.csproj", "{4A428B65-FA9A-4AB7-AAB6-86DF02C82643}"
EndProject
Project("{FAE04EC0-301F-11D3-BF4B-00C04F79EFBC}") = "AOC-Day-12", "AOC-Day-12\AOC-Day-12.csproj", "{B81938C3-0E75-45F5-B933-A5A5F429F4A9}"
EndProject
Project("{FAE04EC0-301F-11D3-BF4B-00C04F79EFBC}") = "AOC-Day-13", "AOC-Day-13\AOC-Day-13.csproj", "{ED9735CF-7B6B-4479-A9DE-2447BB789E26}"
EndProject
Global
	GlobalSection(SolutionConfigurationPlatforms) = preSolution
		Debug|Any CPU = Debug|Any CPU
		Release|Any CPU = Release|Any CPU
	EndGlobalSection
	GlobalSection(ProjectConfigurationPlatforms) = postSolution
		{0D129174-62AE-4DD7-BCAC-CEB4F09DD346}.Debug|Any CPU.ActiveCfg = Debug|Any CPU
		{0D129174-62AE-4DD7-BCAC-CEB4F09DD346}.Debug|Any CPU.Build.0 = Debug|Any CPU
		{0D129174-62AE-4DD7-BCAC-CEB4F09DD346}.Release|Any CPU.ActiveCfg = Release|Any CPU
		{0D129174-62AE-4DD7-BCAC-CEB4F09DD346}.Release|Any CPU.Build.0 = Release|Any CPU
		{EB4C4C1F-AC53-4099-929D-AD36ABE63AC8}.Debug|Any CPU.ActiveCfg = Debug|Any CPU
		{EB4C4C1F-AC53-4099-929D-AD36ABE63AC8}.Debug|Any CPU.Build.0 = Debug|Any CPU
		{EB4C4C1F-AC53-4099-929D-AD36ABE63AC8}.Release|Any CPU.ActiveCfg = Release|Any CPU
		{EB4C4C1F-AC53-4099-929D-AD36ABE63AC8}.Release|Any CPU.Build.0 = Release|Any CPU
		{2A4A0D9F-1420-4555-8538-ACCE8D4C6890}.Debug|Any CPU.ActiveCfg = Debug|Any CPU
		{2A4A0D9F-1420-4555-8538-ACCE8D4C6890}.Debug|Any CPU.Build.0 = Debug|Any CPU
		{2A4A0D9F-1420-4555-8538-ACCE8D4C6890}.Release|Any CPU.ActiveCfg = Release|Any CPU
		{2A4A0D9F-1420-4555-8538-ACCE8D4C6890}.Release|Any CPU.Build.0 = Release|Any CPU
		{239CA657-BFA0-41A3-A473-907570D1981E}.Debug|Any CPU.ActiveCfg = Debug|Any CPU
		{239CA657-BFA0-41A3-A473-907570D1981E}.Debug|Any CPU.Build.0 = Debug|Any CPU
		{239CA657-BFA0-41A3-A473-907570D1981E}.Release|Any CPU.ActiveCfg = Release|Any CPU
		{239CA657-BFA0-41A3-A473-907570D1981E}.Release|Any CPU.Build.0 = Release|Any CPU
		{DECD8C72-80E1-4E49-A289-60F026D028CF}.Debug|Any CPU.ActiveCfg = Debug|Any CPU
		{DECD8C72-80E1-4E49-A289-60F026D028CF}.Debug|Any CPU.Build.0 = Debug|Any CPU
		{DECD8C72-80E1-4E49-A289-60F026D028CF}.Release|Any CPU.ActiveCfg = Release|Any CPU
		{DECD8C72-80E1-4E49-A289-60F026D028CF}.Release|Any CPU.Build.0 = Release|Any CPU
		{056FB519-ABB8-44D2-AA95-C5AAD8671E04}.Debug|Any CPU.ActiveCfg = Debug|Any CPU
		{056FB519-ABB8-44D2-AA95-C5AAD8671E04}.Debug|Any CPU.Build.0 = Debug|Any CPU
		{056FB519-ABB8-44D2-AA95-C5AAD8671E04}.Release|Any CPU.ActiveCfg = Release|Any CPU
		{056FB519-ABB8-44D2-AA95-C5AAD8671E04}.Release|Any CPU.Build.0 = Release|Any CPU
		{2E3DCF0F-ED39-479C-9404-490EE6877994}.Debug|Any CPU.ActiveCfg = Debug|Any CPU
		{2E3DCF0F-ED39-479C-9404-490EE6877994}.Debug|Any CPU.Build.0 = Debug|Any CPU
		{2E3DCF0F-ED39-479C-9404-490EE6877994}.Release|Any CPU.ActiveCfg = Release|Any CPU
		{2E3DCF0F-ED39-479C-9404-490EE6877994}.Release|Any CPU.Build.0 = Release|Any CPU
		{7952E51B-0D12-4E00-93D5-1444B96B719B}.Debug|Any CPU.ActiveCfg = Debug|Any CPU
		{7952E51B-0D12-4E00-93D5-1444B96B719B}.Debug|Any CPU.Build.0 = Debug|Any CPU
		{7952E51B-0D12-4E00-93D5-1444B96B719B}.Release|Any CPU.ActiveCfg = Release|Any CPU
		{7952E51B-0D12-4E00-93D5-1444B96B719B}.Release|Any CPU.Build.0 = Release|Any CPU
		{B64A8320-F3B0-4E32-B0DB-368868A3F3D1}.Debug|Any CPU.ActiveCfg = Debug|Any CPU
		{B64A8320-F3B0-4E32-B0DB-368868A3F3D1}.Debug|Any CPU.Build.0 = Debug|Any CPU
		{B64A8320-F3B0-4E32-B0DB-368868A3F3D1}.Release|Any CPU.ActiveCfg = Release|Any CPU
		{B64A8320-F3B0-4E32-B0DB-368868A3F3D1}.Release|Any CPU.Build.0 = Release|Any CPU
		{76063519-8DBA-4908-B91C-E0E33613C68A}.Debug|Any CPU.ActiveCfg = Debug|Any CPU
		{76063519-8DBA-4908-B91C-E0E33613C68A}.Debug|Any CPU.Build.0 = Debug|Any CPU
		{76063519-8DBA-4908-B91C-E0E33613C68A}.Release|Any CPU.ActiveCfg = Release|Any CPU
		{76063519-8DBA-4908-B91C-E0E33613C68A}.Release|Any CPU.Build.0 = Release|Any CPU
		{4A428B65-FA9A-4AB7-AAB6-86DF02C82643}.Debug|Any CPU.ActiveCfg = Debug|Any CPU
		{4A428B65-FA9A-4AB7-AAB6-86DF02C82643}.Debug|Any CPU.Build.0 = Debug|Any CPU
		{4A428B65-FA9A-4AB7-AAB6-86DF02C82643}.Release|Any CPU.ActiveCfg = Release|Any CPU
		{4A428B65-FA9A-4AB7-AAB6-86DF02C82643}.Release|Any CPU.Build.0 = Release|Any CPU
		{B81938C3-0E75-45F5-B933-A5A5F429F4A9}.Debug|Any CPU.ActiveCfg = Debug|Any CPU
		{B81938C3-0E75-45F5-B933-A5A5F429F4A9}.Debug|Any CPU.Build.0 = Debug|Any CPU
		{B81938C3-0E75-45F5-B933-A5A5F429F4A9}.Release|Any CPU.ActiveCfg = Release|Any CPU
		{B81938C3-0E75-45F5-B933-A5A5F429F4A9}.Release|Any CPU.Build.0 = Release|Any CPU
		{ED9735CF-7B6B-4479-A9DE-2447BB789E26}.Debug|Any CPU.ActiveCfg = Debug|Any CPU
		{ED9735CF-7B6B-4479-A9DE-2447BB789E26}.Debug|Any CPU.Build.0 = Debug|Any CPU
		{ED9735CF-7B6B-4479-A9DE-2447BB789E26}.Release|Any CPU.ActiveCfg = Release|Any CPU
		{ED9735CF-7B6B-4479-A9DE-2447BB789E26}.Release|Any CPU.Build.0 = Release|Any CPU
	EndGlobalSection
	GlobalSection(SolutionProperties) = preSolution
		HideSolutionNode = FALSE
	EndGlobalSection
	GlobalSection(ExtensibilityGlobals) = postSolution
		SolutionGuid = {C20C37C7-E8A4-42FB-855C-335C62455380}
	EndGlobalSection
EndGlobal
